
Microsoft Visual Studio Solution File, Format Version 12.00
# Visual Studio Version 17
VisualStudioVersion = 17.8.34408.163
MinimumVisualStudioVersion = 10.0.40219.1
Project("{FAE04EC0-301F-11D3-BF4B-00C04F79EFBC}") = "Birthdays", "Birthdays\Birthdays.csproj", "{488555F1-D6D6-48E0-95FE-7CE4DA5FD33F}"
EndProject
Global
	GlobalSection(SolutionConfigurationPlatforms) = preSolution
		Debug|Any CPU = Debug|Any CPU
		Release|Any CPU = Release|Any CPU
	EndGlobalSection
	GlobalSection(ProjectConfigurationPlatforms) = postSolution
		{488555F1-D6D6-48E0-95FE-7CE4DA5FD33F}.Debug|Any CPU.ActiveCfg = Debug|Any CPU
		{488555F1-D6D6-48E0-95FE-7CE4DA5FD33F}.Debug|Any CPU.Build.0 = Debug|Any CPU
		{488555F1-D6D6-48E0-95FE-7CE4DA5FD33F}.Release|Any CPU.ActiveCfg = Release|Any CPU
		{488555F1-D6D6-48E0-95FE-7CE4DA5FD33F}.Release|Any CPU.Build.0 = Release|Any CPU
	EndGlobalSection
	GlobalSection(SolutionProperties) = preSolution
		HideSolutionNode = FALSE
	EndGlobalSection
	GlobalSection(ExtensibilityGlobals) = postSolution
		SolutionGuid = {F46633BF-A37D-46A5-BBC8-D756665B42CF}
	EndGlobalSection
EndGlobal
